
Microsoft Visual Studio Solution File, Format Version 12.00
# Visual Studio Version 16
VisualStudioVersion = 16.0.31911.196
MinimumVisualStudioVersion = 10.0.40219.1
Project("{FAE04EC0-301F-11D3-BF4B-00C04F79EFBC}") = "lab 10.1", "lab 10.1\lab 10.1.csproj", "{5313CA9A-3240-4E6D-88D8-4E810AD9A0F6}"
EndProject
Global
	GlobalSection(SolutionConfigurationPlatforms) = preSolution
		Debug|Any CPU = Debug|Any CPU
		Release|Any CPU = Release|Any CPU
	EndGlobalSection
	GlobalSection(ProjectConfigurationPlatforms) = postSolution
		{5313CA9A-3240-4E6D-88D8-4E810AD9A0F6}.Debug|Any CPU.ActiveCfg = Debug|Any CPU
		{5313CA9A-3240-4E6D-88D8-4E810AD9A0F6}.Debug|Any CPU.Build.0 = Debug|Any CPU
		{5313CA9A-3240-4E6D-88D8-4E810AD9A0F6}.Release|Any CPU.ActiveCfg = Release|Any CPU
		{5313CA9A-3240-4E6D-88D8-4E810AD9A0F6}.Release|Any CPU.Build.0 = Release|Any CPU
	EndGlobalSection
	GlobalSection(SolutionProperties) = preSolution
		HideSolutionNode = FALSE
	EndGlobalSection
	GlobalSection(ExtensibilityGlobals) = postSolution
		SolutionGuid = {F1B89AE3-31F3-454A-A9A3-5D73496944CC}
	EndGlobalSection
EndGlobal
